
Microsoft Visual Studio Solution File, Format Version 12.00
# Visual Studio 15
VisualStudioVersion = 15.0.28307.421
MinimumVisualStudioVersion = 10.0.40219.1
Project("{FAE04EC0-301F-11D3-BF4B-00C04F79EFBC}") = "WebSiteBanHang", "WebSiteBanHang\WebSiteBanHang.csproj", "{03AC51CE-253A-44D0-86D5-17D005727E7D}"
EndProject
Project("{FAE04EC0-301F-11D3-BF4B-00C04F79EFBC}") = "WebSiteBanHangUnitTest", "WebSiteBanHangUnitTest\WebSiteBanHangUnitTest.csproj", "{D8ED81DB-E004-4B55-B8A7-F5B8CB018F3E}"
EndProject
Global
	GlobalSection(SolutionConfigurationPlatforms) = preSolution
		Debug|Any CPU = Debug|Any CPU
		Release|Any CPU = Release|Any CPU
	EndGlobalSection
	GlobalSection(ProjectConfigurationPlatforms) = postSolution
		{03AC51CE-253A-44D0-86D5-17D005727E7D}.Debug|Any CPU.ActiveCfg = Debug|Any CPU
		{03AC51CE-253A-44D0-86D5-17D005727E7D}.Debug|Any CPU.Build.0 = Debug|Any CPU
		{03AC51CE-253A-44D0-86D5-17D005727E7D}.Release|Any CPU.ActiveCfg = Release|Any CPU
		{03AC51CE-253A-44D0-86D5-17D005727E7D}.Release|Any CPU.Build.0 = Release|Any CPU
		{D8ED81DB-E004-4B55-B8A7-F5B8CB018F3E}.Debug|Any CPU.ActiveCfg = Debug|Any CPU
		{D8ED81DB-E004-4B55-B8A7-F5B8CB018F3E}.Debug|Any CPU.Build.0 = Debug|Any CPU
		{D8ED81DB-E004-4B55-B8A7-F5B8CB018F3E}.Release|Any CPU.ActiveCfg = Release|Any CPU
		{D8ED81DB-E004-4B55-B8A7-F5B8CB018F3E}.Release|Any CPU.Build.0 = Release|Any CPU
	EndGlobalSection
	GlobalSection(SolutionProperties) = preSolution
		HideSolutionNode = FALSE
	EndGlobalSection
	GlobalSection(ExtensibilityGlobals) = postSolution
		SolutionGuid = {B10FB53A-D634-4024-B8BE-7CB22BF990AC}
	EndGlobalSection
EndGlobal
